
Microsoft Visual Studio Solution File, Format Version 12.00
# Visual Studio 15
VisualStudioVersion = 15.0.28307.421
MinimumVisualStudioVersion = 10.0.40219.1
Project("{FAE04EC0-301F-11D3-BF4B-00C04F79EFBC}") = "Nash-BackEnd", "Nash-BackEnd\Nash-BackEnd.csproj", "{B506BA43-AB67-402A-BEA9-E4CC2F4E7873}"
EndProject
Global
	GlobalSection(SolutionConfigurationPlatforms) = preSolution
		Debug|Any CPU = Debug|Any CPU
		Release|Any CPU = Release|Any CPU
	EndGlobalSection
	GlobalSection(ProjectConfigurationPlatforms) = postSolution
		{B506BA43-AB67-402A-BEA9-E4CC2F4E7873}.Debug|Any CPU.ActiveCfg = Debug|Any CPU
		{B506BA43-AB67-402A-BEA9-E4CC2F4E7873}.Debug|Any CPU.Build.0 = Debug|Any CPU
		{B506BA43-AB67-402A-BEA9-E4CC2F4E7873}.Release|Any CPU.ActiveCfg = Release|Any CPU
		{B506BA43-AB67-402A-BEA9-E4CC2F4E7873}.Release|Any CPU.Build.0 = Release|Any CPU
	EndGlobalSection
	GlobalSection(SolutionProperties) = preSolution
		HideSolutionNode = FALSE
	EndGlobalSection
	GlobalSection(ExtensibilityGlobals) = postSolution
		SolutionGuid = {EAB8A6B2-E7BE-4953-815F-F7587CF4B97A}
	EndGlobalSection
EndGlobal
